{
  "name": "aplikasi",
  "lockfileVersion": 3,
  "requires": true,
  "packages": {
    "": {
      "devDependencies": {
        "@vostride/agent-qa-subscription-auth": "^0.0.1"
      }
    },
    "node_modules/@vostride/agent-qa-subscription-auth": {
      "version": "0.0.1",
      "resolved": "https://registry.npmjs.org/@vostride/agent-qa-subscription-auth/-/agent-qa-subscription-auth-0.0.1.tgz",
      "integrity": "sha512-Y8v9fBo2DY6/CaURUlAEs0+3Gd03V33Lhz4wK3/LBGPJUSPCz0ANRc3CjPCqFkojuqmvt0aMKrayAfyEHANzsA==",
      "dev": true
    }
  }
}
